
Microsoft Visual Studio Solution File, Format Version 12.00
# Visual Studio Version 17
VisualStudioVersion = 17.4.33205.214
MinimumVisualStudioVersion = 10.0.40219.1
Project("{FAE04EC0-301F-11D3-BF4B-00C04F79EFBC}") = "WebApi", "WebApi\WebApi.csproj", "{C0067B3D-AD46-401B-9806-6BEB201A7EA6}"
EndProject
Global
	GlobalSection(SolutionConfigurationPlatforms) = preSolution
		Debug|Any CPU = Debug|Any CPU
		Release|Any CPU = Release|Any CPU
	EndGlobalSection
	GlobalSection(ProjectConfigurationPlatforms) = postSolution
		{C0067B3D-AD46-401B-9806-6BEB201A7EA6}.Debug|Any CPU.ActiveCfg = Debug|Any CPU
		{C0067B3D-AD46-401B-9806-6BEB201A7EA6}.Debug|Any CPU.Build.0 = Debug|Any CPU
		{C0067B3D-AD46-401B-9806-6BEB201A7EA6}.Release|Any CPU.ActiveCfg = Release|Any CPU
		{C0067B3D-AD46-401B-9806-6BEB201A7EA6}.Release|Any CPU.Build.0 = Release|Any CPU
	EndGlobalSection
	GlobalSection(SolutionProperties) = preSolution
		HideSolutionNode = FALSE
	EndGlobalSection
	GlobalSection(ExtensibilityGlobals) = postSolution
		SolutionGuid = {425A37BA-D7D1-43CA-9832-FAAE25191E98}
	EndGlobalSection
EndGlobal
